// !$*UTF8*$!
{
	archiveVersion = 1;
	classes = {
	};
	objectVersion = 46;
	objects = {

/* Begin PBXBuildFile section */
		C5CB3E751B70AB31004DDE5B /* main.m in Sources */ = {isa = PBXBuildFile; fileRef = C5CB3E741B70AB31004DDE5B /* main.m */; };
		C5CB3E781B70AB31004DDE5B /* AppDelegate.m in Sources */ = {isa = PBXBuildFile; fileRef = C5CB3E771B70AB31004DDE5B /* AppDelegate.m */; };
		C5CB3E7B1B70AB31004DDE5B /* ViewController.m in Sources */ = {isa = PBXBuildFile; fileRef = C5CB3E7A1B70AB31004DDE5B /* ViewController.m */; };
		C5CB3E7E1B70AB31004DDE5B /* Main.storyboard in Resources */ = {isa = PBXBuildFile; fileRef = C5CB3E7C1B70AB31004DDE5B /* Main.storyboard */; };
		C5CB3E801B70AB31004DDE5B /* Images.xcassets in Resources */ = {isa = PBXBuildFile; fileRef = C5CB3E7F1B70AB31004DDE5B /* Images.xcassets */; };
		C5CB3E831B70AB31004DDE5B /* LaunchScreen.xib in Resources */ = {isa = PBXBuildFile; fileRef = C5CB3E811B70AB31004DDE5B /* LaunchScreen.xib */; };
		C5CB3E8F1B70AB32004DDE5B /* TouchRemoveVcTests.m in Sources */ = {isa = PBXBuildFile; fileRef = C5CB3E8E1B70AB32004DDE5B /* TouchRemoveVcTests.m */; };
/* End PBXBuildFile section */

/* Begin PBXContainerItemProxy section */
		C5CB3E891B70AB32004DDE5B /* PBXContainerItemProxy */ = {
			isa = PBXContainerItemProxy;
			containerPortal = C5CB3E671B70AB31004DDE5B /* Project object */;
			proxyType = 1;
			remoteGlobalIDString = C5CB3E6E1B70AB31004DDE5B;
			remoteInfo = TouchRemoveVc;
		};
/* End PBXContainerItemProxy section */

/* Begin PBXFileReference section */
		C5CB3E6F1B70AB31004DDE5B /* TouchRemoveVc.app */ = {isa = PBXFileReference; explicitFileType = wrapper.application; includeInIndex = 0; path = TouchRemoveVc.app; sourceTree = BUILT_PRODUCTS_DIR; };
		C5CB3E731B70AB31004DDE5B /* Info.plist */ = {isa = PBXFileReference; lastKnownFileType = text.plist.xml; path = Info.plist; sourceTree = "<group>"; };
		C5CB3E741B70AB31004DDE5B /* main.m */ = {isa = PBXFileReference; lastKnownFileType = sourcecode.c.objc; path = main.m; sourceTree = "<group>"; };
		C5CB3E761B70AB31004DDE5B /* AppDelegate.h */ = {isa = PBXFileReference; lastKnownFileType = sourcecode.c.h; path = AppDelegate.h; sourceTree = "<group>"; };
		C5CB3E771B70AB31004DDE5B /* AppDelegate.m */ = {isa = PBXFileReference; lastKnownFileType = sourcecode.c.objc; path = AppDelegate.m; sourceTree = "<group>"; };
		C5CB3E791B70AB31004DDE5B /* ViewController.h */ = {isa = PBXFileReference; lastKnownFileType = sourcecode.c.h; path = ViewController.h; sourceTree = "<group>"; };
		C5CB3E7A1B70AB31004DDE5B /* ViewController.m */ = {isa = PBXFileReference; lastKnownFileType = sourcecode.c.objc; path = ViewController.m; sourceTree = "<group>"; };
		C5CB3E7D1B70AB31004DDE5B /* Base */ = {isa = PBXFileReference; lastKnownFileType = file.storyboard; name = Base; path = Base.lproj/Main.storyboard; sourceTree = "<group>"; };
		C5CB3E7F1B70AB31004DDE5B /* Images.xcassets */ = {isa = PBXFileReference; lastKnownFileType = folder.assetcatalog; path = Images.xcassets; sourceTree = "<group>"; };
		C5CB3E821B70AB31004DDE5B /* Base */ = {isa = PBXFileReference; lastKnownFileType = file.xib; name = Base; path = Base.lproj/LaunchScreen.xib; sourceTree = "<group>"; };
		C5CB3E881B70AB32004DDE5B /* TouchRemoveVcTests.xctest */ = {isa = PBXFileReference; explicitFileType = wrapper.cfbundle; includeInIndex = 0; path = TouchRemoveVcTests.xctest; sourceTree = BUILT_PRODUCTS_DIR; };
		C5CB3E8D1B70AB32004DDE5B /* Info.plist */ = {isa = PBXFileReference; lastKnownFileType = text.plist.xml; path = Info.plist; sourceTree = "<group>"; };
		C5CB3E8E1B70AB32004DDE5B /* TouchRemoveVcTests.m */ = {isa = PBXFileReference; lastKnownFileType = sourcecode.c.objc; path = TouchRemoveVcTests.m; sourceTree = "<group>"; };
/* End PBXFileReference section */

/* Begin PBXFrameworksBuildPhase section */
		C5CB3E6C1B70AB31004DDE5B /* Frameworks */ = {
			isa = PBXFrameworksBuildPhase;
			buildActionMask = 2147483647;
			files = (
			);
			runOnlyForDeploymentPostprocessing = 0;
		};
		C5CB3E851B70AB32004DDE5B /* Frameworks */ = {
			isa = PBXFrameworksBuildPhase;
			buildActionMask = 2147483647;
			files = (
			);
			runOnlyForDeploymentPostprocessing = 0;
		};
/* End PBXFrameworksBuildPhase section */

/* Begin PBXGroup section */
		C5CB3E661B70AB31004DDE5B = {
			isa = PBXGroup;
			children = (
				C5CB3E711B70AB31004DDE5B /* TouchRemoveVc */,
				C5CB3E8B1B70AB32004DDE5B /* TouchRemoveVcTests */,
				C5CB3E701B70AB31004DDE5B /* Products */,
			);
			sourceTree = "<group>";
		};
		C5CB3E701B70AB31004DDE5B /* Products */ = {
			isa = PBXGroup;
			children = (
				C5CB3E6F1B70AB31004DDE5B /* TouchRemoveVc.app */,
				C5CB3E881B70AB32004DDE5B /* TouchRemoveVcTests.xctest */,
			);
			name = Products;
			sourceTree = "<group>";
		};
		C5CB3E711B70AB31004DDE5B /* TouchRemoveVc */ = {
			isa = PBXGroup;
			children = (
				C5CB3E761B70AB31004DDE5B /* AppDelegate.h */,
				C5CB3E771B70AB31004DDE5B /* AppDelegate.m */,
				C5CB3E791B70AB31004DDE5B /* ViewController.h */,
				C5CB3E7A1B70AB31004DDE5B /* ViewController.m */,
				C5CB3E7C1B70AB31004DDE5B /* Main.storyboard */,
				C5CB3E7F1B70AB31004DDE5B /* Images.xcassets */,
				C5CB3E811B70AB31004DDE5B /* LaunchScreen.xib */,
				C5CB3E721B70AB31004DDE5B /* Supporting Files */,
			);
			path = TouchRemoveVc;
			sourceTree = "<group>";
		};
		C5CB3E721B70AB31004DDE5B /* Supporting Files */ = {
			isa = PBXGroup;
			children = (
				C5CB3E731B70AB31004DDE5B /* Info.plist */,
				C5CB3E741B70AB31004DDE5B /* main.m */,
			);
			name = "Supporting Files";
			sourceTree = "<group>";
		};
		C5CB3E8B1B70AB32004DDE5B /* TouchRemoveVcTests */ = {
			isa = PBXGroup;
			children = (
				C5CB3E8E1B70AB32004DDE5B /* TouchRemoveVcTests.m */,
				C5CB3E8C1B70AB32004DDE5B /* Supporting Files */,
			);
			path = TouchRemoveVcTests;
			sourceTree = "<group>";
		};
		C5CB3E8C1B70AB32004DDE5B /* Supporting Files */ = {
			isa = PBXGroup;
			children = (
				C5CB3E8D1B70AB32004DDE5B /* Info.plist */,
			);
			name = "Supporting Files";
			sourceTree = "<group>";
		};
/* End PBXGroup section */

/* Begin PBXNativeTarget section */
		C5CB3E6E1B70AB31004DDE5B /* TouchRemoveVc */ = {
			isa = PBXNativeTarget;
			buildConfigurationList = C5CB3E921B70AB32004DDE5B /* Build configuration list for PBXNativeTarget "TouchRemoveVc" */;
			buildPhases = (
				C5CB3E6B1B70AB31004DDE5B /* Sources */,
				C5CB3E6C1B70AB31004DDE5B /* Frameworks */,
				C5CB3E6D1B70AB31004DDE5B /* Resources */,
			);
			buildRules = (
			);
			dependencies = (
			);
			name = TouchRemoveVc;
			productName = TouchRemoveVc;
			productReference = C5CB3E6F1B70AB31004DDE5B /* TouchRemoveVc.app */;
			productType = "com.apple.product-type.application";
		};
		C5CB3E871B70AB32004DDE5B /* TouchRemoveVcTests */ = {
			isa = PBXNativeTarget;
			buildConfigurationList = C5CB3E951B70AB32004DDE5B /* Build configuration list for PBXNativeTarget "TouchRemoveVcTests" */;
			buildPhases = (
				C5CB3E841B70AB32004DDE5B /* Sources */,
				C5CB3E851B70AB32004DDE5B /* Frameworks */,
				C5CB3E861B70AB32004DDE5B /* Resources */,
			);
			buildRules = (
			);
			dependencies = (
				C5CB3E8A1B70AB32004DDE5B /* PBXTargetDependency */,
			);
			name = TouchRemoveVcTests;
			productName = TouchRemoveVcTests;
			productReference = C5CB3E881B70AB32004DDE5B /* TouchRemoveVcTests.xctest */;
			productType = "com.apple.product-type.bundle.unit-test";
		};
/* End PBXNativeTarget section */

/* Begin PBXProject section */
		C5CB3E671B70AB31004DDE5B /* Project object */ = {
			isa = PBXProject;
			attributes = {
				LastUpgradeCheck = 0630;
				ORGANIZATIONNAME = jobs;
				TargetAttributes = {
					C5CB3E6E1B70AB31004DDE5B = {
						CreatedOnToolsVersion = 6.3;
					};
					C5CB3E871B70AB32004DDE5B = {
						CreatedOnToolsVersion = 6.3;
						TestTargetID = C5CB3E6E1B70AB31004DDE5B;
					};
				};
			};
			buildConfigurationList = C5CB3E6A1B70AB31004DDE5B /* Build configuration list for PBXProject "TouchRemoveVc" */;
			compatibilityVersion = "Xcode 3.2";
			developmentRegion = English;
			hasScannedForEncodings = 0;
			knownRegions = (
				en,
				Base,
			);
			mainGroup = C5CB3E661B70AB31004DDE5B;
			productRefGroup = C5CB3E701B70AB31004DDE5B /* Products */;
			projectDirPath = "";
			projectRoot = "";
			targets = (
				C5CB3E6E1B70AB31004DDE5B /* TouchRemoveVc */,
				C5CB3E871B70AB32004DDE5B /* TouchRemoveVcTests */,
			);
		};
/* End PBXProject section */

/* Begin PBXResourcesBuildPhase section */
		C5CB3E6D1B70AB31004DDE5B /* Resources */ = {
			isa = PBXResourcesBuildPhase;
			buildActionMask = 2147483647;
			files = (
				C5CB3E7E1B70AB31004DDE5B /* Main.storyboard in Resources */,
				C5CB3E831B70AB31004DDE5B /* LaunchScreen.xib in Resources */,
				C5CB3E801B70AB31004DDE5B /* Images.xcassets in Resources */,
			);
			runOnlyForDeploymentPostprocessing = 0;
		};
		C5CB3E861B70AB32004DDE5B /* Resources */ = {
			isa = PBXResourcesBuildPhase;
			buildActionMask = 2147483647;
			files = (
			);
			runOnlyForDeploymentPostprocessing = 0;
		};
/* End PBXResourcesBuildPhase section */

/* Begin PBXSourcesBuildPhase section */
		C5CB3E6B1B70AB31004DDE5B /* Sources */ = {
			isa = PBXSourcesBuildPhase;
			buildActionMask = 2147483647;
			files = (
				C5CB3E7B1B70AB31004DDE5B /* ViewController.m in Sources */,
				C5CB3E781B70AB31004DDE5B /* AppDelegate.m in Sources */,
				C5CB3E751B70AB31004DDE5B /* main.m in Sources */,
			);
			runOnlyForDeploymentPostprocessing = 0;
		};
		C5CB3E841B70AB32004DDE5B /* Sources */ = {
			isa = PBXSourcesBuildPhase;
			buildActionMask = 2147483647;
			files = (
				C5CB3E8F1B70AB32004DDE5B /* TouchRemoveVcTests.m in Sources */,
			);
			runOnlyForDeploymentPostprocessing = 0;
		};
/* End PBXSourcesBuildPhase section */

/* Begin PBXTargetDependency section */
		C5CB3E8A1B70AB32004DDE5B /* PBXTargetDependency */ = {
			isa = PBXTargetDependency;
			target = C5CB3E6E1B70AB31004DDE5B /* TouchRemoveVc */;
			targetProxy = C5CB3E891B70AB32004DDE5B /* PBXContainerItemProxy */;
		};
/* End PBXTargetDependency section */

/* Begin PBXVariantGroup section */
		C5CB3E7C1B70AB31004DDE5B /* Main.storyboard */ = {
			isa = PBXVariantGroup;
			children = (
				C5CB3E7D1B70AB31004DDE5B /* Base */,
			);
			name = Main.storyboard;
			sourceTree = "<group>";
		};
		C5CB3E811B70AB31004DDE5B /* LaunchScreen.xib */ = {
			isa = PBXVariantGroup;
			children = (
				C5CB3E821B70AB31004DDE5B /* Base */,
			);
			name = LaunchScreen.xib;
			sourceTree = "<group>";
		};
/* End PBXVariantGroup section */

/* Begin XCBuildConfiguration section */
		C5CB3E901B70AB32004DDE5B /* Debug */ = {
			isa = XCBuildConfiguration;
			buildSettings = {
				ALWAYS_SEARCH_USER_PATHS = NO;
				CLANG_CXX_LANGUAGE_STANDARD = "gnu++0x";
				CLANG_CXX_LIBRARY = "libc++";
				CLANG_ENABLE_MODULES = YES;
				CLANG_ENABLE_OBJC_ARC = YES;
				CLANG_WARN_BOOL_CONVERSION = YES;
				CLANG_WARN_CONSTANT_CONVERSION = YES;
				CLANG_WARN_DIRECT_OBJC_ISA_USAGE = YES_ERROR;
				CLANG_WARN_EMPTY_BODY = YES;
				CLANG_WARN_ENUM_CONVERSION = YES;
				CLANG_WARN_INT_CONVERSION = YES;
				CLANG_WARN_OBJC_ROOT_CLASS = YES_ERROR;
				CLANG_WARN_UNREACHABLE_CODE = YES;
				CLANG_WARN__DUPLICATE_METHOD_MATCH = YES;
				"CODE_SIGN_IDENTITY[sdk=iphoneos*]" = "iPhone Developer";
				COPY_PHASE_STRIP = NO;
				DEBUG_INFORMATION_FORMAT = "dwarf-with-dsym";
				ENABLE_STRICT_OBJC_MSGSEND = YES;
				GCC_C_LANGUAGE_STANDARD = gnu99;
				GCC_DYNAMIC_NO_PIC = NO;
				GCC_NO_COMMON_BLOCKS = YES;
				GCC_OPTIMIZATION_LEVEL = 0;
				GCC_PREPROCESSOR_DEFINITIONS = (
					"DEBUG=1",
					"$(inherited)",
				);
				GCC_SYMBOLS_PRIVATE_EXTERN = NO;
				GCC_WARN_64_TO_32_BIT_CONVERSION = YES;
				GCC_WARN_ABOUT_RETURN_TYPE = YES_ERROR;
				GCC_WARN_UNDECLARED_SELECTOR = YES;
				GCC_WARN_UNINITIALIZED_AUTOS = YES_AGGRESSIVE;
				GCC_WARN_UNUSED_FUNCTION = YES;
				GCC_WARN_UNUSED_VARIABLE = YES;
				IPHONEOS_DEPLOYMENT_TARGET = 8.3;
				MTL_ENABLE_DEBUG_INFO = YES;
				ONLY_ACTIVE_ARCH = YES;
				SDKROOT = iphoneos;
			};
			name = Debug;
		};
		C5CB3E911B70AB32004DDE5B /* Release */ = {
			isa = XCBuildConfiguration;
			buildSettings = {
				ALWAYS_SEARCH_USER_PATHS = NO;
				CLANG_CXX_LANGUAGE_STANDARD = "gnu++0x";
				CLANG_CXX_LIBRARY = "libc++";
				CLANG_ENABLE_MODULES = YES;
				CLANG_ENABLE_OBJC_ARC = YES;
				CLANG_WARN_BOOL_CONVERSION = YES;
				CLANG_WARN_CONSTANT_CONVERSION = YES;
				CLANG_WARN_DIRECT_OBJC_ISA_USAGE = YES_ERROR;
				CLANG_WARN_EMPTY_BODY = YES;
				CLANG_WARN_ENUM_CONVERSION = YES;
				CLANG_WARN_INT_CONVERSION = YES;
				CLANG_WARN_OBJC_ROOT_CLASS = YES_ERROR;
				CLANG_WARN_UNREACHABLE_CODE = YES;
				CLANG_WARN__DUPLICATE_METHOD_MATCH = YES;
				"CODE_SIGN_IDENTITY[sdk=iphoneos*]" = "iPhone Developer";
				COPY_PHASE_STRIP = NO;
				DEBUG_INFORMATION_FORMAT = "dwarf-with-dsym";
				ENABLE_NS_ASSERTIONS = NO;
				ENABLE_STRICT_OBJC_MSGSEND = YES;
				GCC_C_LANGUAGE_STANDARD = gnu99;
				GCC_NO_COMMON_BLOCKS = YES;
				GCC_WARN_64_TO_32_BIT_CONVERSION = YES;
				GCC_WARN_ABOUT_RETURN_TYPE = YES_ERROR;
				GCC_WARN_UNDECLARED_SELECTOR = YES;
				GCC_WARN_UNINITIALIZED_AUTOS = YES_AGGRESSIVE;
				GCC_WARN_UNUSED_FUNCTION = YES;
				GCC_WARN_UNUSED_VARIABLE = YES;
				IPHONEOS_DEPLOYMENT_TARGET = 8.3;
				MTL_ENABLE_DEBUG_INFO = NO;
				SDKROOT = iphoneos;
				VALIDATE_PRODUCT = YES;
			};
			name = Release;
		};
		C5CB3E931B70AB32004DDE5B /* Debug */ = {
			isa = XCBuildConfiguration;
			buildSettings = {
				ASSETCATALOG_COMPILER_APPICON_NAME = AppIcon;
				INFOPLIST_FILE = TouchRemoveVc/Info.plist;
				LD_RUNPATH_SEARCH_PATHS = "$(inherited) @executable_path/Frameworks";
				PRODUCT_NAME = "$(TARGET_NAME)";
			};
			name = Debug;
		};
		C5CB3E941B70AB32004DDE5B /* Release */ = {
			isa = XCBuildConfiguration;
			buildSettings = {
				ASSETCATALOG_COMPILER_APPICON_NAME = AppIcon;
				INFOPLIST_FILE = TouchRemoveVc/Info.plist;
				LD_RUNPATH_SEARCH_PATHS = "$(inherited) @executable_path/Frameworks";
				PRODUCT_NAME = "$(TARGET_NAME)";
			};
			name = Release;
		};
		C5CB3E961B70AB32004DDE5B /* Debug */ = {
			isa = XCBuildConfiguration;
			buildSettings = {
				BUNDLE_LOADER = "$(TEST_HOST)";
				FRAMEWORK_SEARCH_PATHS = (
					"$(SDKROOT)/Developer/Library/Frameworks",
					"$(inherited)",
				);
				GCC_PREPROCESSOR_DEFINITIONS = (
					"DEBUG=1",
					"$(inherited)",
				);
				INFOPLIST_FILE = TouchRemoveVcTests/Info.plist;
				LD_RUNPATH_SEARCH_PATHS = "$(inherited) @executable_path/Frameworks @loader_path/Frameworks";
				PRODUCT_NAME = "$(TARGET_NAME)";
				TEST_HOST = "$(BUILT_PRODUCTS_DIR)/TouchRemoveVc.app/TouchRemoveVc";
			};
			name = Debug;
		};
		C5CB3E971B70AB32004DDE5B /* Release */ = {
			isa = XCBuildConfiguration;
			buildSettings = {
				BUNDLE_LOADER = "$(TEST_HOST)";
				FRAMEWORK_SEARCH_PATHS = (
					"$(SDKROOT)/Developer/Library/Frameworks",
					"$(inherited)",
				);
				INFOPLIST_FILE = TouchRemoveVcTests/Info.plist;
				LD_RUNPATH_SEARCH_PATHS = "$(inherited) @executable_path/Frameworks @loader_path/Frameworks";
				PRODUCT_NAME = "$(TARGET_NAME)";
				TEST_HOST = "$(BUILT_PRODUCTS_DIR)/TouchRemoveVc.app/TouchRemoveVc";
			};
			name = Release;
		};
/* End XCBuildConfiguration section */

/* Begin XCConfigurationList section */
		C5CB3E6A1B70AB31004DDE5B /* Build configuration list for PBXProject "TouchRemoveVc" */ = {
			isa = XCConfigurationList;
			buildConfigurations = (
				C5CB3E901B70AB32004DDE5B /* Debug */,
				C5CB3E911B70AB32004DDE5B /* Release */,
			);
			defaultConfigurationIsVisible = 0;
			defaultConfigurationName = Release;
		};
		C5CB3E921B70AB32004DDE5B /* Build configuration list for PBXNativeTarget "TouchRemoveVc" */ = {
			isa = XCConfigurationList;
			buildConfigurations = (
				C5CB3E931B70AB32004DDE5B /* Debug */,
				C5CB3E941B70AB32004DDE5B /* Release */,
			);
			defaultConfigurationIsVisible = 0;
		};
		C5CB3E951B70AB32004DDE5B /* Build configuration list for PBXNativeTarget "TouchRemoveVcTests" */ = {
			isa = XCConfigurationList;
			buildConfigurations = (
				C5CB3E961B70AB32004DDE5B /* Debug */,
				C5CB3E971B70AB32004DDE5B /* Release */,
			);
			defaultConfigurationIsVisible = 0;
		};
/* End XCConfigurationList section */
	};
	rootObject = C5CB3E671B70AB31004DDE5B /* Project object */;
}
